// !$*UTF8*$!
{
	archiveVersion = 1;
	classes = {
	};
	objectVersion = 56;
	objects = {

/* Begin PBXBuildFile section */
		7530FBDE2B8E37C10038C625 /* AppDelegate.swift in Sources */ = {isa = PBXBuildFile; fileRef = 7530FBDD2B8E37C10038C625 /* AppDelegate.swift */; };
		7530FBE02B8E37C10038C625 /* SceneDelegate.swift in Sources */ = {isa = PBXBuildFile; fileRef = 7530FBDF2B8E37C10038C625 /* SceneDelegate.swift */; };
		7530FBE72B8E37C20038C625 /* Assets.xcassets in Resources */ = {isa = PBXBuildFile; fileRef = 7530FBE62B8E37C20038C625 /* Assets.xcassets */; };
		7530FBEA2B8E37C20038C625 /* LaunchScreen.storyboard in Resources */ = {isa = PBXBuildFile; fileRef = 7530FBE82B8E37C20038C625 /* LaunchScreen.storyboard */; };
		7530FBF52B8E37C30038C625 /* VIPER_basicTests.swift in Sources */ = {isa = PBXBuildFile; fileRef = 7530FBF42B8E37C30038C625 /* VIPER_basicTests.swift */; };
		7530FBFF2B8E37C30038C625 /* VIPER_basicUITests.swift in Sources */ = {isa = PBXBuildFile; fileRef = 7530FBFE2B8E37C30038C625 /* VIPER_basicUITests.swift */; };
		7530FC012B8E37C30038C625 /* VIPER_basicUITestsLaunchTests.swift in Sources */ = {isa = PBXBuildFile; fileRef = 7530FC002B8E37C30038C625 /* VIPER_basicUITestsLaunchTests.swift */; };
		7530FC102B8E3AE80038C625 /* MovieViewController.swift in Sources */ = {isa = PBXBuildFile; fileRef = 7530FC0F2B8E3AE80038C625 /* MovieViewController.swift */; };
		7530FC122B8E3AF20038C625 /* MoviePresenter.swift in Sources */ = {isa = PBXBuildFile; fileRef = 7530FC112B8E3AF20038C625 /* MoviePresenter.swift */; };
		7530FC142B8E3AF80038C625 /* MovieInteractor.swift in Sources */ = {isa = PBXBuildFile; fileRef = 7530FC132B8E3AF80038C625 /* MovieInteractor.swift */; };
		7530FC182B8E3B410038C625 /* MovieRouter.swift in Sources */ = {isa = PBXBuildFile; fileRef = 7530FC172B8E3B410038C625 /* MovieRouter.swift */; };
		7530FC262B8E43A50038C625 /* InteractorProtocol.swift in Sources */ = {isa = PBXBuildFile; fileRef = 7530FC252B8E43A50038C625 /* InteractorProtocol.swift */; };
		7530FC282B8E43AD0038C625 /* PresenterProtocol.swift in Sources */ = {isa = PBXBuildFile; fileRef = 7530FC272B8E43AD0038C625 /* PresenterProtocol.swift */; };
		7530FC2A2B8E43C80038C625 /* ViewProtocol.swift in Sources */ = {isa = PBXBuildFile; fileRef = 7530FC292B8E43C80038C625 /* ViewProtocol.swift */; };
		7530FC2C2B8E44EB0038C625 /* RouterProtocol.swift in Sources */ = {isa = PBXBuildFile; fileRef = 7530FC2B2B8E44EB0038C625 /* RouterProtocol.swift */; };
		7530FC2E2B8E451E0038C625 /* MovieProtocol.swift in Sources */ = {isa = PBXBuildFile; fileRef = 7530FC2D2B8E451E0038C625 /* MovieProtocol.swift */; };
		7530FC302B8E4A950038C625 /* AppRouter.swift in Sources */ = {isa = PBXBuildFile; fileRef = 7530FC2F2B8E4A950038C625 /* AppRouter.swift */; };
		7530FC372B8E52410038C625 /* Movie.swift in Sources */ = {isa = PBXBuildFile; fileRef = 7530FC362B8E52410038C625 /* Movie.swift */; };
/* End PBXBuildFile section */

/* Begin PBXContainerItemProxy section */
		7530FBF12B8E37C30038C625 /* PBXContainerItemProxy */ = {
			isa = PBXContainerItemProxy;
			containerPortal = 7530FBD22B8E37C10038C625 /* Project object */;
			proxyType = 1;
			remoteGlobalIDString = 7530FBD92B8E37C10038C625;
			remoteInfo = "VIPER-basic";
		};
		7530FBFB2B8E37C30038C625 /* PBXContainerItemProxy */ = {
			isa = PBXContainerItemProxy;
			containerPortal = 7530FBD22B8E37C10038C625 /* Project object */;
			proxyType = 1;
			remoteGlobalIDString = 7530FBD92B8E37C10038C625;
			remoteInfo = "VIPER-basic";
		};
/* End PBXContainerItemProxy section */

/* Begin PBXFileReference section */
		7530FBDA2B8E37C10038C625 /* VIPER-basic.app */ = {isa = PBXFileReference; explicitFileType = wrapper.application; includeInIndex = 0; path = "VIPER-basic.app"; sourceTree = BUILT_PRODUCTS_DIR; };
		7530FBDD2B8E37C10038C625 /* AppDelegate.swift */ = {isa = PBXFileReference; lastKnownFileType = sourcecode.swift; path = AppDelegate.swift; sourceTree = "<group>"; };
		7530FBDF2B8E37C10038C625 /* SceneDelegate.swift */ = {isa = PBXFileReference; lastKnownFileType = sourcecode.swift; path = SceneDelegate.swift; sourceTree = "<group>"; };
		7530FBE62B8E37C20038C625 /* Assets.xcassets */ = {isa = PBXFileReference; lastKnownFileType = folder.assetcatalog; path = Assets.xcassets; sourceTree = "<group>"; };
		7530FBE92B8E37C20038C625 /* Base */ = {isa = PBXFileReference; lastKnownFileType = file.storyboard; name = Base; path = Base.lproj/LaunchScreen.storyboard; sourceTree = "<group>"; };
		7530FBEB2B8E37C20038C625 /* Info.plist */ = {isa = PBXFileReference; lastKnownFileType = text.plist.xml; path = Info.plist; sourceTree = "<group>"; };
		7530FBF02B8E37C30038C625 /* VIPER-basicTests.xctest */ = {isa = PBXFileReference; explicitFileType = wrapper.cfbundle; includeInIndex = 0; path = "VIPER-basicTests.xctest"; sourceTree = BUILT_PRODUCTS_DIR; };
		7530FBF42B8E37C30038C625 /* VIPER_basicTests.swift */ = {isa = PBXFileReference; lastKnownFileType = sourcecode.swift; path = VIPER_basicTests.swift; sourceTree = "<group>"; };
		7530FBFA2B8E37C30038C625 /* VIPER-basicUITests.xctest */ = {isa = PBXFileReference; explicitFileType = wrapper.cfbundle; includeInIndex = 0; path = "VIPER-basicUITests.xctest"; sourceTree = BUILT_PRODUCTS_DIR; };
		7530FBFE2B8E37C30038C625 /* VIPER_basicUITests.swift */ = {isa = PBXFileReference; lastKnownFileType = sourcecode.swift; path = VIPER_basicUITests.swift; sourceTree = "<group>"; };
		7530FC002B8E37C30038C625 /* VIPER_basicUITestsLaunchTests.swift */ = {isa = PBXFileReference; lastKnownFileType = sourcecode.swift; path = VIPER_basicUITestsLaunchTests.swift; sourceTree = "<group>"; };
		7530FC0F2B8E3AE80038C625 /* MovieViewController.swift */ = {isa = PBXFileReference; lastKnownFileType = sourcecode.swift; path = MovieViewController.swift; sourceTree = "<group>"; };
		7530FC112B8E3AF20038C625 /* MoviePresenter.swift */ = {isa = PBXFileReference; lastKnownFileType = sourcecode.swift; path = MoviePresenter.swift; sourceTree = "<group>"; };
		7530FC132B8E3AF80038C625 /* MovieInteractor.swift */ = {isa = PBXFileReference; lastKnownFileType = sourcecode.swift; path = MovieInteractor.swift; sourceTree = "<group>"; };
		7530FC172B8E3B410038C625 /* MovieRouter.swift */ = {isa = PBXFileReference; lastKnownFileType = sourcecode.swift; path = MovieRouter.swift; sourceTree = "<group>"; };
		7530FC252B8E43A50038C625 /* InteractorProtocol.swift */ = {isa = PBXFileReference; lastKnownFileType = sourcecode.swift; path = InteractorProtocol.swift; sourceTree = "<group>"; };
		7530FC272B8E43AD0038C625 /* PresenterProtocol.swift */ = {isa = PBXFileReference; lastKnownFileType = sourcecode.swift; path = PresenterProtocol.swift; sourceTree = "<group>"; };
		7530FC292B8E43C80038C625 /* ViewProtocol.swift */ = {isa = PBXFileReference; lastKnownFileType = sourcecode.swift; path = ViewProtocol.swift; sourceTree = "<group>"; };
		7530FC2B2B8E44EB0038C625 /* RouterProtocol.swift */ = {isa = PBXFileReference; lastKnownFileType = sourcecode.swift; path = RouterProtocol.swift; sourceTree = "<group>"; };
		7530FC2D2B8E451E0038C625 /* MovieProtocol.swift */ = {isa = PBXFileReference; lastKnownFileType = sourcecode.swift; path = MovieProtocol.swift; sourceTree = "<group>"; };
		7530FC2F2B8E4A950038C625 /* AppRouter.swift */ = {isa = PBXFileReference; lastKnownFileType = sourcecode.swift; path = AppRouter.swift; sourceTree = "<group>"; };
		7530FC362B8E52410038C625 /* Movie.swift */ = {isa = PBXFileReference; lastKnownFileType = sourcecode.swift; path = Movie.swift; sourceTree = "<group>"; };
/* End PBXFileReference section */

/* Begin PBXFrameworksBuildPhase section */
		7530FBD72B8E37C10038C625 /* Frameworks */ = {
			isa = PBXFrameworksBuildPhase;
			buildActionMask = 2147483647;
			files = (
			);
			runOnlyForDeploymentPostprocessing = 0;
		};
		7530FBED2B8E37C30038C625 /* Frameworks */ = {
			isa = PBXFrameworksBuildPhase;
			buildActionMask = 2147483647;
			files = (
			);
			runOnlyForDeploymentPostprocessing = 0;
		};
		7530FBF72B8E37C30038C625 /* Frameworks */ = {
			isa = PBXFrameworksBuildPhase;
			buildActionMask = 2147483647;
			files = (
			);
			runOnlyForDeploymentPostprocessing = 0;
		};
/* End PBXFrameworksBuildPhase section */

/* Begin PBXGroup section */
		7530FBD12B8E37C10038C625 = {
			isa = PBXGroup;
			children = (
				7530FBDC2B8E37C10038C625 /* VIPER-basic */,
				7530FBF32B8E37C30038C625 /* VIPER-basicTests */,
				7530FBFD2B8E37C30038C625 /* VIPER-basicUITests */,
				7530FBDB2B8E37C10038C625 /* Products */,
			);
			sourceTree = "<group>";
		};
		7530FBDB2B8E37C10038C625 /* Products */ = {
			isa = PBXGroup;
			children = (
				7530FBDA2B8E37C10038C625 /* VIPER-basic.app */,
				7530FBF02B8E37C30038C625 /* VIPER-basicTests.xctest */,
				7530FBFA2B8E37C30038C625 /* VIPER-basicUITests.xctest */,
			);
			name = Products;
			sourceTree = "<group>";
		};
		7530FBDC2B8E37C10038C625 /* VIPER-basic */ = {
			isa = PBXGroup;
			children = (
				7530FC1E2B8E3CA40038C625 /* App */,
				7530FC192B8E3B910038C625 /* Entities */,
				7530FC0D2B8E3AB80038C625 /* Modules */,
				7530FC1D2B8E3C900038C625 /* Resources */,
				7530FBEB2B8E37C20038C625 /* Info.plist */,
			);
			path = "VIPER-basic";
			sourceTree = "<group>";
		};
		7530FBF32B8E37C30038C625 /* VIPER-basicTests */ = {
			isa = PBXGroup;
			children = (
				7530FBF42B8E37C30038C625 /* VIPER_basicTests.swift */,
			);
			path = "VIPER-basicTests";
			sourceTree = "<group>";
		};
		7530FBFD2B8E37C30038C625 /* VIPER-basicUITests */ = {
			isa = PBXGroup;
			children = (
				7530FBFE2B8E37C30038C625 /* VIPER_basicUITests.swift */,
				7530FC002B8E37C30038C625 /* VIPER_basicUITestsLaunchTests.swift */,
			);
			path = "VIPER-basicUITests";
			sourceTree = "<group>";
		};
		7530FC0D2B8E3AB80038C625 /* Modules */ = {
			isa = PBXGroup;
			children = (
				7530FC232B8E43970038C625 /* Base */,
				7530FC0E2B8E3AC20038C625 /* MovieModule */,
			);
			path = Modules;
			sourceTree = "<group>";
		};
		7530FC0E2B8E3AC20038C625 /* MovieModule */ = {
			isa = PBXGroup;
			children = (
				7530FC132B8E3AF80038C625 /* MovieInteractor.swift */,
				7530FC112B8E3AF20038C625 /* MoviePresenter.swift */,
				7530FC2D2B8E451E0038C625 /* MovieProtocol.swift */,
				7530FC172B8E3B410038C625 /* MovieRouter.swift */,
				7530FC0F2B8E3AE80038C625 /* MovieViewController.swift */,
			);
			path = MovieModule;
			sourceTree = "<group>";
		};
		7530FC192B8E3B910038C625 /* Entities */ = {
			isa = PBXGroup;
			children = (
				7530FC332B8E522B0038C625 /* Models */,
			);
			path = Entities;
			sourceTree = "<group>";
		};
		7530FC1D2B8E3C900038C625 /* Resources */ = {
			isa = PBXGroup;
			children = (
				7530FBE62B8E37C20038C625 /* Assets.xcassets */,
				7530FBE82B8E37C20038C625 /* LaunchScreen.storyboard */,
			);
			path = Resources;
			sourceTree = "<group>";
		};
		7530FC1E2B8E3CA40038C625 /* App */ = {
			isa = PBXGroup;
			children = (
				7530FBDD2B8E37C10038C625 /* AppDelegate.swift */,
				7530FBDF2B8E37C10038C625 /* SceneDelegate.swift */,
				7530FC2F2B8E4A950038C625 /* AppRouter.swift */,
			);
			path = App;
			sourceTree = "<group>";
		};
		7530FC232B8E43970038C625 /* Base */ = {
			isa = PBXGroup;
			children = (
				7530FC242B8E439B0038C625 /* Protocols */,
			);
			path = Base;
			sourceTree = "<group>";
		};
		7530FC242B8E439B0038C625 /* Protocols */ = {
			isa = PBXGroup;
			children = (
				7530FC252B8E43A50038C625 /* InteractorProtocol.swift */,
				7530FC272B8E43AD0038C625 /* PresenterProtocol.swift */,
				7530FC2B2B8E44EB0038C625 /* RouterProtocol.swift */,
				7530FC292B8E43C80038C625 /* ViewProtocol.swift */,
			);
			path = Protocols;
			sourceTree = "<group>";
		};
		7530FC332B8E522B0038C625 /* Models */ = {
			isa = PBXGroup;
			children = (
				7530FC362B8E52410038C625 /* Movie.swift */,
			);
			path = Models;
			sourceTree = "<group>";
		};
/* End PBXGroup section */

/* Begin PBXNativeTarget section */
		7530FBD92B8E37C10038C625 /* VIPER-basic */ = {
			isa = PBXNativeTarget;
			buildConfigurationList = 7530FC042B8E37C30038C625 /* Build configuration list for PBXNativeTarget "VIPER-basic" */;
			buildPhases = (
				7530FBD62B8E37C10038C625 /* Sources */,
				7530FBD72B8E37C10038C625 /* Frameworks */,
				7530FBD82B8E37C10038C625 /* Resources */,
			);
			buildRules = (
			);
			dependencies = (
			);
			name = "VIPER-basic";
			productName = "VIPER-basic";
			productReference = 7530FBDA2B8E37C10038C625 /* VIPER-basic.app */;
			productType = "com.apple.product-type.application";
		};
		7530FBEF2B8E37C30038C625 /* VIPER-basicTests */ = {
			isa = PBXNativeTarget;
			buildConfigurationList = 7530FC072B8E37C30038C625 /* Build configuration list for PBXNativeTarget "VIPER-basicTests" */;
			buildPhases = (
				7530FBEC2B8E37C30038C625 /* Sources */,
				7530FBED2B8E37C30038C625 /* Frameworks */,
				7530FBEE2B8E37C30038C625 /* Resources */,
			);
			buildRules = (
			);
			dependencies = (
				7530FBF22B8E37C30038C625 /* PBXTargetDependency */,
			);
			name = "VIPER-basicTests";
			productName = "VIPER-basicTests";
			productReference = 7530FBF02B8E37C30038C625 /* VIPER-basicTests.xctest */;
			productType = "com.apple.product-type.bundle.unit-test";
		};
		7530FBF92B8E37C30038C625 /* VIPER-basicUITests */ = {
			isa = PBXNativeTarget;
			buildConfigurationList = 7530FC0A2B8E37C30038C625 /* Build configuration list for PBXNativeTarget "VIPER-basicUITests" */;
			buildPhases = (
				7530FBF62B8E37C30038C625 /* Sources */,
				7530FBF72B8E37C30038C625 /* Frameworks */,
				7530FBF82B8E37C30038C625 /* Resources */,
			);
			buildRules = (
			);
			dependencies = (
				7530FBFC2B8E37C30038C625 /* PBXTargetDependency */,
			);
			name = "VIPER-basicUITests";
			productName = "VIPER-basicUITests";
			productReference = 7530FBFA2B8E37C30038C625 /* VIPER-basicUITests.xctest */;
			productType = "com.apple.product-type.bundle.ui-testing";
		};
/* End PBXNativeTarget section */

/* Begin PBXProject section */
		7530FBD22B8E37C10038C625 /* Project object */ = {
			isa = PBXProject;
			attributes = {
				BuildIndependentTargetsInParallel = 1;
				LastSwiftUpdateCheck = 1520;
				LastUpgradeCheck = 1520;
				ORGANIZATIONNAME = ziterz.dev;
				TargetAttributes = {
					7530FBD92B8E37C10038C625 = {
						CreatedOnToolsVersion = 15.2;
					};
					7530FBEF2B8E37C30038C625 = {
						CreatedOnToolsVersion = 15.2;
						TestTargetID = 7530FBD92B8E37C10038C625;
					};
					7530FBF92B8E37C30038C625 = {
						CreatedOnToolsVersion = 15.2;
						TestTargetID = 7530FBD92B8E37C10038C625;
					};
				};
			};
			buildConfigurationList = 7530FBD52B8E37C10038C625 /* Build configuration list for PBXProject "VIPER-basic" */;
			compatibilityVersion = "Xcode 14.0";
			developmentRegion = en;
			hasScannedForEncodings = 0;
			knownRegions = (
				en,
				Base,
			);
			mainGroup = 7530FBD12B8E37C10038C625;
			productRefGroup = 7530FBDB2B8E37C10038C625 /* Products */;
			projectDirPath = "";
			projectRoot = "";
			targets = (
				7530FBD92B8E37C10038C625 /* VIPER-basic */,
				7530FBEF2B8E37C30038C625 /* VIPER-basicTests */,
				7530FBF92B8E37C30038C625 /* VIPER-basicUITests */,
			);
		};
/* End PBXProject section */

/* Begin PBXResourcesBuildPhase section */
		7530FBD82B8E37C10038C625 /* Resources */ = {
			isa = PBXResourcesBuildPhase;
			buildActionMask = 2147483647;
			files = (
				7530FBEA2B8E37C20038C625 /* LaunchScreen.storyboard in Resources */,
				7530FBE72B8E37C20038C625 /* Assets.xcassets in Resources */,
			);
			runOnlyForDeploymentPostprocessing = 0;
		};
		7530FBEE2B8E37C30038C625 /* Resources */ = {
			isa = PBXResourcesBuildPhase;
			buildActionMask = 2147483647;
			files = (
			);
			runOnlyForDeploymentPostprocessing = 0;
		};
		7530FBF82B8E37C30038C625 /* Resources */ = {
			isa = PBXResourcesBuildPhase;
			buildActionMask = 2147483647;
			files = (
			);
			runOnlyForDeploymentPostprocessing = 0;
		};
/* End PBXResourcesBuildPhase section */

/* Begin PBXSourcesBuildPhase section */
		7530FBD62B8E37C10038C625 /* Sources */ = {
			isa = PBXSourcesBuildPhase;
			buildActionMask = 2147483647;
			files = (
				7530FC372B8E52410038C625 /* Movie.swift in Sources */,
				7530FC142B8E3AF80038C625 /* MovieInteractor.swift in Sources */,
				7530FC182B8E3B410038C625 /* MovieRouter.swift in Sources */,
				7530FC262B8E43A50038C625 /* InteractorProtocol.swift in Sources */,
				7530FBDE2B8E37C10038C625 /* AppDelegate.swift in Sources */,
				7530FC2C2B8E44EB0038C625 /* RouterProtocol.swift in Sources */,
				7530FC2E2B8E451E0038C625 /* MovieProtocol.swift in Sources */,
				7530FC2A2B8E43C80038C625 /* ViewProtocol.swift in Sources */,
				7530FC282B8E43AD0038C625 /* PresenterProtocol.swift in Sources */,
				7530FC302B8E4A950038C625 /* AppRouter.swift in Sources */,
				7530FBE02B8E37C10038C625 /* SceneDelegate.swift in Sources */,
				7530FC122B8E3AF20038C625 /* MoviePresenter.swift in Sources */,
				7530FC102B8E3AE80038C625 /* MovieViewController.swift in Sources */,
			);
			runOnlyForDeploymentPostprocessing = 0;
		};
		7530FBEC2B8E37C30038C625 /* Sources */ = {
			isa = PBXSourcesBuildPhase;
			buildActionMask = 2147483647;
			files = (
				7530FBF52B8E37C30038C625 /* VIPER_basicTests.swift in Sources */,
			);
			runOnlyForDeploymentPostprocessing = 0;
		};
		7530FBF62B8E37C30038C625 /* Sources */ = {
			isa = PBXSourcesBuildPhase;
			buildActionMask = 2147483647;
			files = (
				7530FC012B8E37C30038C625 /* VIPER_basicUITestsLaunchTests.swift in Sources */,
				7530FBFF2B8E37C30038C625 /* VIPER_basicUITests.swift in Sources */,
			);
			runOnlyForDeploymentPostprocessing = 0;
		};
/* End PBXSourcesBuildPhase section */

/* Begin PBXTargetDependency section */
		7530FBF22B8E37C30038C625 /* PBXTargetDependency */ = {
			isa = PBXTargetDependency;
			target = 7530FBD92B8E37C10038C625 /* VIPER-basic */;
			targetProxy = 7530FBF12B8E37C30038C625 /* PBXContainerItemProxy */;
		};
		7530FBFC2B8E37C30038C625 /* PBXTargetDependency */ = {
			isa = PBXTargetDependency;
			target = 7530FBD92B8E37C10038C625 /* VIPER-basic */;
			targetProxy = 7530FBFB2B8E37C30038C625 /* PBXContainerItemProxy */;
		};
/* End PBXTargetDependency section */

/* Begin PBXVariantGroup section */
		7530FBE82B8E37C20038C625 /* LaunchScreen.storyboard */ = {
			isa = PBXVariantGroup;
			children = (
				7530FBE92B8E37C20038C625 /* Base */,
			);
			name = LaunchScreen.storyboard;
			sourceTree = "<group>";
		};
/* End PBXVariantGroup section */

/* Begin XCBuildConfiguration section */
		7530FC022B8E37C30038C625 /* Debug */ = {
			isa = XCBuildConfiguration;
			buildSettings = {
				ALWAYS_SEARCH_USER_PATHS = NO;
				ASSETCATALOG_COMPILER_GENERATE_SWIFT_ASSET_SYMBOL_EXTENSIONS = YES;
				CLANG_ANALYZER_NONNULL = YES;
				CLANG_ANALYZER_NUMBER_OBJECT_CONVERSION = YES_AGGRESSIVE;
				CLANG_CXX_LANGUAGE_STANDARD = "gnu++20";
				CLANG_ENABLE_MODULES = YES;
				CLANG_ENABLE_OBJC_ARC = YES;
				CLANG_ENABLE_OBJC_WEAK = YES;
				CLANG_WARN_BLOCK_CAPTURE_AUTORELEASING = YES;
				CLANG_WARN_BOOL_CONVERSION = YES;
				CLANG_WARN_COMMA = YES;
				CLANG_WARN_CONSTANT_CONVERSION = YES;
				CLANG_WARN_DEPRECATED_OBJC_IMPLEMENTATIONS = YES;
				CLANG_WARN_DIRECT_OBJC_ISA_USAGE = YES_ERROR;
				CLANG_WARN_DOCUMENTATION_COMMENTS = YES;
				CLANG_WARN_EMPTY_BODY = YES;
				CLANG_WARN_ENUM_CONVERSION = YES;
				CLANG_WARN_INFINITE_RECURSION = YES;
				CLANG_WARN_INT_CONVERSION = YES;
				CLANG_WARN_NON_LITERAL_NULL_CONVERSION = YES;
				CLANG_WARN_OBJC_IMPLICIT_RETAIN_SELF = YES;
				CLANG_WARN_OBJC_LITERAL_CONVERSION = YES;
				CLANG_WARN_OBJC_ROOT_CLASS = YES_ERROR;
				CLANG_WARN_QUOTED_INCLUDE_IN_FRAMEWORK_HEADER = YES;
				CLANG_WARN_RANGE_LOOP_ANALYSIS = YES;
				CLANG_WARN_STRICT_PROTOTYPES = YES;
				CLANG_WARN_SUSPICIOUS_MOVE = YES;
				CLANG_WARN_UNGUARDED_AVAILABILITY = YES_AGGRESSIVE;
				CLANG_WARN_UNREACHABLE_CODE = YES;
				CLANG_WARN__DUPLICATE_METHOD_MATCH = YES;
				COPY_PHASE_STRIP = NO;
				DEBUG_INFORMATION_FORMAT = dwarf;
				ENABLE_STRICT_OBJC_MSGSEND = YES;
				ENABLE_TESTABILITY = YES;
				ENABLE_USER_SCRIPT_SANDBOXING = YES;
				GCC_C_LANGUAGE_STANDARD = gnu17;
				GCC_DYNAMIC_NO_PIC = NO;
				GCC_NO_COMMON_BLOCKS = YES;
				GCC_OPTIMIZATION_LEVEL = 0;
				GCC_PREPROCESSOR_DEFINITIONS = (
					"DEBUG=1",
					"$(inherited)",
				);
				GCC_WARN_64_TO_32_BIT_CONVERSION = YES;
				GCC_WARN_ABOUT_RETURN_TYPE = YES_ERROR;
				GCC_WARN_UNDECLARED_SELECTOR = YES;
				GCC_WARN_UNINITIALIZED_AUTOS = YES_AGGRESSIVE;
				GCC_WARN_UNUSED_FUNCTION = YES;
				GCC_WARN_UNUSED_VARIABLE = YES;
				IPHONEOS_DEPLOYMENT_TARGET = 17.2;
				LOCALIZATION_PREFERS_STRING_CATALOGS = YES;
				MTL_ENABLE_DEBUG_INFO = INCLUDE_SOURCE;
				MTL_FAST_MATH = YES;
				ONLY_ACTIVE_ARCH = YES;
				SDKROOT = iphoneos;
				SWIFT_ACTIVE_COMPILATION_CONDITIONS = "DEBUG $(inherited)";
				SWIFT_OPTIMIZATION_LEVEL = "-Onone";
			};
			name = Debug;
		};
		7530FC032B8E37C30038C625 /* Release */ = {
			isa = XCBuildConfiguration;
			buildSettings = {
				ALWAYS_SEARCH_USER_PATHS = NO;
				ASSETCATALOG_COMPILER_GENERATE_SWIFT_ASSET_SYMBOL_EXTENSIONS = YES;
				CLANG_ANALYZER_NONNULL = YES;
				CLANG_ANALYZER_NUMBER_OBJECT_CONVERSION = YES_AGGRESSIVE;
				CLANG_CXX_LANGUAGE_STANDARD = "gnu++20";
				CLANG_ENABLE_MODULES = YES;
				CLANG_ENABLE_OBJC_ARC = YES;
				CLANG_ENABLE_OBJC_WEAK = YES;
				CLANG_WARN_BLOCK_CAPTURE_AUTORELEASING = YES;
				CLANG_WARN_BOOL_CONVERSION = YES;
				CLANG_WARN_COMMA = YES;
				CLANG_WARN_CONSTANT_CONVERSION = YES;
				CLANG_WARN_DEPRECATED_OBJC_IMPLEMENTATIONS = YES;
				CLANG_WARN_DIRECT_OBJC_ISA_USAGE = YES_ERROR;
				CLANG_WARN_DOCUMENTATION_COMMENTS = YES;
				CLANG_WARN_EMPTY_BODY = YES;
				CLANG_WARN_ENUM_CONVERSION = YES;
				CLANG_WARN_INFINITE_RECURSION = YES;
				CLANG_WARN_INT_CONVERSION = YES;
				CLANG_WARN_NON_LITERAL_NULL_CONVERSION = YES;
				CLANG_WARN_OBJC_IMPLICIT_RETAIN_SELF = YES;
				CLANG_WARN_OBJC_LITERAL_CONVERSION = YES;
				CLANG_WARN_OBJC_ROOT_CLASS = YES_ERROR;
				CLANG_WARN_QUOTED_INCLUDE_IN_FRAMEWORK_HEADER = YES;
				CLANG_WARN_RANGE_LOOP_ANALYSIS = YES;
				CLANG_WARN_STRICT_PROTOTYPES = YES;
				CLANG_WARN_SUSPICIOUS_MOVE = YES;
				CLANG_WARN_UNGUARDED_AVAILABILITY = YES_AGGRESSIVE;
				CLANG_WARN_UNREACHABLE_CODE = YES;
				CLANG_WARN__DUPLICATE_METHOD_MATCH = YES;
				COPY_PHASE_STRIP = NO;
				DEBUG_INFORMATION_FORMAT = "dwarf-with-dsym";
				ENABLE_NS_ASSERTIONS = NO;
				ENABLE_STRICT_OBJC_MSGSEND = YES;
				ENABLE_USER_SCRIPT_SANDBOXING = YES;
				GCC_C_LANGUAGE_STANDARD = gnu17;
				GCC_NO_COMMON_BLOCKS = YES;
				GCC_WARN_64_TO_32_BIT_CONVERSION = YES;
				GCC_WARN_ABOUT_RETURN_TYPE = YES_ERROR;
				GCC_WARN_UNDECLARED_SELECTOR = YES;
				GCC_WARN_UNINITIALIZED_AUTOS = YES_AGGRESSIVE;
				GCC_WARN_UNUSED_FUNCTION = YES;
				GCC_WARN_UNUSED_VARIABLE = YES;
				IPHONEOS_DEPLOYMENT_TARGET = 17.2;
				LOCALIZATION_PREFERS_STRING_CATALOGS = YES;
				MTL_ENABLE_DEBUG_INFO = NO;
				MTL_FAST_MATH = YES;
				SDKROOT = iphoneos;
				SWIFT_COMPILATION_MODE = wholemodule;
				VALIDATE_PRODUCT = YES;
			};
			name = Release;
		};
		7530FC052B8E37C30038C625 /* Debug */ = {
			isa = XCBuildConfiguration;
			buildSettings = {
				ASSETCATALOG_COMPILER_APPICON_NAME = AppIcon;
				ASSETCATALOG_COMPILER_GLOBAL_ACCENT_COLOR_NAME = AccentColor;
				CODE_SIGN_STYLE = Automatic;
				CURRENT_PROJECT_VERSION = 1;
				DEVELOPMENT_TEAM = JMJM53PGNF;
				GENERATE_INFOPLIST_FILE = YES;
				INFOPLIST_FILE = "VIPER-basic/Info.plist";
				INFOPLIST_KEY_CFBundleDisplayName = "Movie DB";
				INFOPLIST_KEY_LSApplicationCategoryType = "public.app-category.entertainment";
				INFOPLIST_KEY_UIApplicationSupportsIndirectInputEvents = YES;
				INFOPLIST_KEY_UILaunchStoryboardName = LaunchScreen;
				INFOPLIST_KEY_UIMainStoryboardFile = "";
				INFOPLIST_KEY_UISupportedInterfaceOrientations = UIInterfaceOrientationPortrait;
				INFOPLIST_KEY_UISupportedInterfaceOrientations_iPad = "UIInterfaceOrientationLandscapeLeft UIInterfaceOrientationLandscapeRight UIInterfaceOrientationPortrait UIInterfaceOrientationPortraitUpsideDown";
				LD_RUNPATH_SEARCH_PATHS = (
					"$(inherited)",
					"@executable_path/Frameworks",
				);
				MARKETING_VERSION = 1.0;
				PRODUCT_BUNDLE_IDENTIFIER = "dev.ziterz.VIPER-basic";
				PRODUCT_NAME = "$(TARGET_NAME)";
				SUPPORTED_PLATFORMS = "iphoneos iphonesimulator";
				SUPPORTS_MACCATALYST = NO;
				SUPPORTS_MAC_DESIGNED_FOR_IPHONE_IPAD = NO;
				SUPPORTS_XR_DESIGNED_FOR_IPHONE_IPAD = NO;
				SWIFT_EMIT_LOC_STRINGS = YES;
				SWIFT_VERSION = 5.0;
				TARGETED_DEVICE_FAMILY = 1;
			};
			name = Debug;
		};
		7530FC062B8E37C30038C625 /* Release */ = {
			isa = XCBuildConfiguration;
			buildSettings = {
				ASSETCATALOG_COMPILER_APPICON_NAME = AppIcon;
				ASSETCATALOG_COMPILER_GLOBAL_ACCENT_COLOR_NAME = AccentColor;
				CODE_SIGN_STYLE = Automatic;
				CURRENT_PROJECT_VERSION = 1;
				DEVELOPMENT_TEAM = JMJM53PGNF;
				GENERATE_INFOPLIST_FILE = YES;
				INFOPLIST_FILE = "VIPER-basic/Info.plist";
				INFOPLIST_KEY_CFBundleDisplayName = "Movie DB";
				INFOPLIST_KEY_LSApplicationCategoryType = "public.app-category.entertainment";
				INFOPLIST_KEY_UIApplicationSupportsIndirectInputEvents = YES;
				INFOPLIST_KEY_UILaunchStoryboardName = LaunchScreen;
				INFOPLIST_KEY_UIMainStoryboardFile = "";
				INFOPLIST_KEY_UISupportedInterfaceOrientations = UIInterfaceOrientationPortrait;
				INFOPLIST_KEY_UISupportedInterfaceOrientations_iPad = "UIInterfaceOrientationLandscapeLeft UIInterfaceOrientationLandscapeRight UIInterfaceOrientationPortrait UIInterfaceOrientationPortraitUpsideDown";
				LD_RUNPATH_SEARCH_PATHS = (
					"$(inherited)",
					"@executable_path/Frameworks",
				);
				MARKETING_VERSION = 1.0;
				PRODUCT_BUNDLE_IDENTIFIER = "dev.ziterz.VIPER-basic";
				PRODUCT_NAME = "$(TARGET_NAME)";
				SUPPORTED_PLATFORMS = "iphoneos iphonesimulator";
				SUPPORTS_MACCATALYST = NO;
				SUPPORTS_MAC_DESIGNED_FOR_IPHONE_IPAD = NO;
				SUPPORTS_XR_DESIGNED_FOR_IPHONE_IPAD = NO;
				SWIFT_EMIT_LOC_STRINGS = YES;
				SWIFT_VERSION = 5.0;
				TARGETED_DEVICE_FAMILY = 1;
			};
			name = Release;
		};
		7530FC082B8E37C30038C625 /* Debug */ = {
			isa = XCBuildConfiguration;
			buildSettings = {
				ALWAYS_EMBED_SWIFT_STANDARD_LIBRARIES = YES;
				BUNDLE_LOADER = "$(TEST_HOST)";
				CODE_SIGN_STYLE = Automatic;
				CURRENT_PROJECT_VERSION = 1;
				DEVELOPMENT_TEAM = JMJM53PGNF;
				GENERATE_INFOPLIST_FILE = YES;
				IPHONEOS_DEPLOYMENT_TARGET = 17.2;
				MARKETING_VERSION = 1.0;
				PRODUCT_BUNDLE_IDENTIFIER = "dev.ziterz.VIPER-basicTests";
				PRODUCT_NAME = "$(TARGET_NAME)";
				SWIFT_EMIT_LOC_STRINGS = NO;
				SWIFT_VERSION = 5.0;
				TARGETED_DEVICE_FAMILY = "1,2";
				TEST_HOST = "$(BUILT_PRODUCTS_DIR)/VIPER-basic.app/$(BUNDLE_EXECUTABLE_FOLDER_PATH)/VIPER-basic";
			};
			name = Debug;
		};
		7530FC092B8E37C30038C625 /* Release */ = {
			isa = XCBuildConfiguration;
			buildSettings = {
				ALWAYS_EMBED_SWIFT_STANDARD_LIBRARIES = YES;
				BUNDLE_LOADER = "$(TEST_HOST)";
				CODE_SIGN_STYLE = Automatic;
				CURRENT_PROJECT_VERSION = 1;
				DEVELOPMENT_TEAM = JMJM53PGNF;
				GENERATE_INFOPLIST_FILE = YES;
				IPHONEOS_DEPLOYMENT_TARGET = 17.2;
				MARKETING_VERSION = 1.0;
				PRODUCT_BUNDLE_IDENTIFIER = "dev.ziterz.VIPER-basicTests";
				PRODUCT_NAME = "$(TARGET_NAME)";
				SWIFT_EMIT_LOC_STRINGS = NO;
				SWIFT_VERSION = 5.0;
				TARGETED_DEVICE_FAMILY = "1,2";
				TEST_HOST = "$(BUILT_PRODUCTS_DIR)/VIPER-basic.app/$(BUNDLE_EXECUTABLE_FOLDER_PATH)/VIPER-basic";
			};
			name = Release;
		};
		7530FC0B2B8E37C30038C625 /* Debug */ = {
			isa = XCBuildConfiguration;
			buildSettings = {
				ALWAYS_EMBED_SWIFT_STANDARD_LIBRARIES = YES;
				CODE_SIGN_STYLE = Automatic;
				CURRENT_PROJECT_VERSION = 1;
				DEVELOPMENT_TEAM = JMJM53PGNF;
				GENERATE_INFOPLIST_FILE = YES;
				MARKETING_VERSION = 1.0;
				PRODUCT_BUNDLE_IDENTIFIER = "dev.ziterz.VIPER-basicUITests";
				PRODUCT_NAME = "$(TARGET_NAME)";
				SWIFT_EMIT_LOC_STRINGS = NO;
				SWIFT_VERSION = 5.0;
				TARGETED_DEVICE_FAMILY = "1,2";
				TEST_TARGET_NAME = "VIPER-basic";
			};
			name = Debug;
		};
		7530FC0C2B8E37C30038C625 /* Release */ = {
			isa = XCBuildConfiguration;
			buildSettings = {
				ALWAYS_EMBED_SWIFT_STANDARD_LIBRARIES = YES;
				CODE_SIGN_STYLE = Automatic;
				CURRENT_PROJECT_VERSION = 1;
				DEVELOPMENT_TEAM = JMJM53PGNF;
				GENERATE_INFOPLIST_FILE = YES;
				MARKETING_VERSION = 1.0;
				PRODUCT_BUNDLE_IDENTIFIER = "dev.ziterz.VIPER-basicUITests";
				PRODUCT_NAME = "$(TARGET_NAME)";
				SWIFT_EMIT_LOC_STRINGS = NO;
				SWIFT_VERSION = 5.0;
				TARGETED_DEVICE_FAMILY = "1,2";
				TEST_TARGET_NAME = "VIPER-basic";
			};
			name = Release;
		};
/* End XCBuildConfiguration section */

/* Begin XCConfigurationList section */
		7530FBD52B8E37C10038C625 /* Build configuration list for PBXProject "VIPER-basic" */ = {
			isa = XCConfigurationList;
			buildConfigurations = (
				7530FC022B8E37C30038C625 /* Debug */,
				7530FC032B8E37C30038C625 /* Release */,
			);
			defaultConfigurationIsVisible = 0;
			defaultConfigurationName = Release;
		};
		7530FC042B8E37C30038C625 /* Build configuration list for PBXNativeTarget "VIPER-basic" */ = {
			isa = XCConfigurationList;
			buildConfigurations = (
				7530FC052B8E37C30038C625 /* Debug */,
				7530FC062B8E37C30038C625 /* Release */,
			);
			defaultConfigurationIsVisible = 0;
			defaultConfigurationName = Release;
		};
		7530FC072B8E37C30038C625 /* Build configuration list for PBXNativeTarget "VIPER-basicTests" */ = {
			isa = XCConfigurationList;
			buildConfigurations = (
				7530FC082B8E37C30038C625 /* Debug */,
				7530FC092B8E37C30038C625 /* Release */,
			);
			defaultConfigurationIsVisible = 0;
			defaultConfigurationName = Release;
		};
		7530FC0A2B8E37C30038C625 /* Build configuration list for PBXNativeTarget "VIPER-basicUITests" */ = {
			isa = XCConfigurationList;
			buildConfigurations = (
				7530FC0B2B8E37C30038C625 /* Debug */,
				7530FC0C2B8E37C30038C625 /* Release */,
			);
			defaultConfigurationIsVisible = 0;
			defaultConfigurationName = Release;
		};
/* End XCConfigurationList section */
	};
	rootObject = 7530FBD22B8E37C10038C625 /* Project object */;
}
